
Microsoft Visual Studio Solution File, Format Version 12.00
# Visual Studio Version 17
VisualStudioVersion = 17.13.35931.197 d17.13
MinimumVisualStudioVersion = 10.0.40219.1
Project("{FAE04EC0-301F-11D3-BF4B-00C04F79EFBC}") = "wikibrand05.com", "wikibrand05.com.csproj", "{9FB5DE94-8CE9-4B0A-9D64-7DB488091B52}"
EndProject
Global
	GlobalSection(SolutionConfigurationPlatforms) = preSolution
		Debug|Any CPU = Debug|Any CPU
		Release|Any CPU = Release|Any CPU
	EndGlobalSection
	GlobalSection(ProjectConfigurationPlatforms) = postSolution
		{9FB5DE94-8CE9-4B0A-9D64-7DB488091B52}.Debug|Any CPU.ActiveCfg = Debug|Any CPU
		{9FB5DE94-8CE9-4B0A-9D64-7DB488091B52}.Debug|Any CPU.Build.0 = Debug|Any CPU
		{9FB5DE94-8CE9-4B0A-9D64-7DB488091B52}.Release|Any CPU.ActiveCfg = Release|Any CPU
		{9FB5DE94-8CE9-4B0A-9D64-7DB488091B52}.Release|Any CPU.Build.0 = Release|Any CPU
	EndGlobalSection
	GlobalSection(SolutionProperties) = preSolution
		HideSolutionNode = FALSE
	EndGlobalSection
	GlobalSection(ExtensibilityGlobals) = postSolution
		SolutionGuid = {311569B7-59D0-4860-B0CD-E23DD3EF128D}
	EndGlobalSection
EndGlobal
